dependencies:
- name: kube-prometheus-stack
  repository: https://prometheus-community.github.io/helm-charts
  version: 91.4.1
- name: rustfs
  repository: https://charts.rustfs.com/
  version: 0.3.0
digest: sha256:03a37818dc744c1453648a361d943341da8a8a87e074e7c0f871a83567656bea
generated: "2026-09-16T02:01:48.076239584Z"
